
Microsoft Visual Studio Solution File, Format Version 12.00
# Visual Studio Version 17
VisualStudioVersion = 17.14.36301.6 d17.14
MinimumVisualStudioVersion = 10.0.40219.1
Project("{FAE04EC0-301F-11D3-BF4B-00C04F79EFBC}") = "WhoLetMeCook", "WhoLetMeCook\WhoLetMeCook.csproj", "{D1599C99-D16B-48EA-84C2-0A4A831F59A6}"
EndProject
Global
	GlobalSection(SolutionConfigurationPlatforms) = preSolution
		Debug|Any CPU = Debug|Any CPU
		Release|Any CPU = Release|Any CPU
	EndGlobalSection
	GlobalSection(ProjectConfigurationPlatforms) = postSolution
		{D1599C99-D16B-48EA-84C2-0A4A831F59A6}.Debug|Any CPU.ActiveCfg = Debug|Any CPU
		{D1599C99-D16B-48EA-84C2-0A4A831F59A6}.Debug|Any CPU.Build.0 = Debug|Any CPU
		{D1599C99-D16B-48EA-84C2-0A4A831F59A6}.Release|Any CPU.ActiveCfg = Release|Any CPU
		{D1599C99-D16B-48EA-84C2-0A4A831F59A6}.Release|Any CPU.Build.0 = Release|Any CPU
	EndGlobalSection
	GlobalSection(SolutionProperties) = preSolution
		HideSolutionNode = FALSE
	EndGlobalSection
	GlobalSection(ExtensibilityGlobals) = postSolution
		SolutionGuid = {F91C6CA4-BBFF-49E7-B969-27AC4FE090B5}
	EndGlobalSection
EndGlobal
